// !$*UTF8*$!
{
	archiveVersion = 1;
	classes = {
	};
	objectVersion = 48;
	objects = {

/* Begin PBXBuildFile section */
		C78346462014B4AD003AA273 /* AppDelegate.swift in Sources */ = {isa = PBXBuildFile; fileRef = C78346452014B4AD003AA273 /* AppDelegate.swift */; };
		C78346482014B4AD003AA273 /* ViewController.swift in Sources */ = {isa = PBXBuildFile; fileRef = C78346472014B4AD003AA273 /* ViewController.swift */; };
		C783464B2014B4AD003AA273 /* Main.storyboard in Resources */ = {isa = PBXBuildFile; fileRef = C78346492014B4AD003AA273 /* Main.storyboard */; };
		C783464D2014B4AD003AA273 /* Assets.xcassets in Resources */ = {isa = PBXBuildFile; fileRef = C783464C2014B4AD003AA273 /* Assets.xcassets */; };
		C78346502014B4AD003AA273 /* LaunchScreen.storyboard in Resources */ = {isa = PBXBuildFile; fileRef = C783464E2014B4AD003AA273 /* LaunchScreen.storyboard */; };
		C78BD9422014BB2A006DB9E5 /* Text.txt in Resources */ = {isa = PBXBuildFile; fileRef = C78BD9412014BAFF006DB9E5 /* Text.txt */; };
		C78BD9442014BB48006DB9E5 /* ColumnTextView.swift in Sources */ = {isa = PBXBuildFile; fileRef = C78BD9432014BB48006DB9E5 /* ColumnTextView.swift */; };
/* End PBXBuildFile section */

/* Begin PBXFileReference section */
		C78346422014B4AD003AA273 /* ColumnTextViewApp.app */ = {isa = PBXFileReference; explicitFileType = wrapper.application; includeInIndex = 0; path = ColumnTextViewApp.app; sourceTree = BUILT_PRODUCTS_DIR; };
		C78346452014B4AD003AA273 /* AppDelegate.swift */ = {isa = PBXFileReference; lastKnownFileType = sourcecode.swift; path = AppDelegate.swift; sourceTree = "<group>"; };
		C78346472014B4AD003AA273 /* ViewController.swift */ = {isa = PBXFileReference; lastKnownFileType = sourcecode.swift; path = ViewController.swift; sourceTree = "<group>"; };
		C783464A2014B4AD003AA273 /* Base */ = {isa = PBXFileReference; lastKnownFileType = file.storyboard; name = Base; path = Base.lproj/Main.storyboard; sourceTree = "<group>"; };
		C783464C2014B4AD003AA273 /* Assets.xcassets */ = {isa = PBXFileReference; lastKnownFileType = folder.assetcatalog; path = Assets.xcassets; sourceTree = "<group>"; };
		C783464F2014B4AD003AA273 /* Base */ = {isa = PBXFileReference; lastKnownFileType = file.storyboard; name = Base; path = Base.lproj/LaunchScreen.storyboard; sourceTree = "<group>"; };
		C78346512014B4AD003AA273 /* Info.plist */ = {isa = PBXFileReference; lastKnownFileType = text.plist.xml; path = Info.plist; sourceTree = "<group>"; };
		C78BD9412014BAFF006DB9E5 /* Text.txt */ = {isa = PBXFileReference; lastKnownFileType = text; path = Text.txt; sourceTree = "<group>"; };
		C78BD9432014BB48006DB9E5 /* ColumnTextView.swift */ = {isa = PBXFileReference; lastKnownFileType = sourcecode.swift; path = ColumnTextView.swift; sourceTree = "<group>"; };
/* End PBXFileReference section */

/* Begin PBXFrameworksBuildPhase section */
		C783463F2014B4AD003AA273 /* Frameworks */ = {
			isa = PBXFrameworksBuildPhase;
			buildActionMask = 2147483647;
			files = (
			);
			runOnlyForDeploymentPostprocessing = 0;
		};
/* End PBXFrameworksBuildPhase section */

/* Begin PBXGroup section */
		C78346392014B4AD003AA273 = {
			isa = PBXGroup;
			children = (
				C78346442014B4AD003AA273 /* ColumnTextViewApp */,
				C78346432014B4AD003AA273 /* Products */,
			);
			sourceTree = "<group>";
		};
		C78346432014B4AD003AA273 /* Products */ = {
			isa = PBXGroup;
			children = (
				C78346422014B4AD003AA273 /* ColumnTextViewApp.app */,
			);
			name = Products;
			sourceTree = "<group>";
		};
		C78346442014B4AD003AA273 /* ColumnTextViewApp */ = {
			isa = PBXGroup;
			children = (
				C78346452014B4AD003AA273 /* AppDelegate.swift */,
				C78346472014B4AD003AA273 /* ViewController.swift */,
				C78BD9432014BB48006DB9E5 /* ColumnTextView.swift */,
				C78BD9412014BAFF006DB9E5 /* Text.txt */,
				C78346492014B4AD003AA273 /* Main.storyboard */,
				C783464C2014B4AD003AA273 /* Assets.xcassets */,
				C783464E2014B4AD003AA273 /* LaunchScreen.storyboard */,
				C78346512014B4AD003AA273 /* Info.plist */,
			);
			path = ColumnTextViewApp;
			sourceTree = "<group>";
		};
/* End PBXGroup section */

/* Begin PBXNativeTarget section */
		C78346412014B4AD003AA273 /* ColumnTextViewApp */ = {
			isa = PBXNativeTarget;
			buildConfigurationList = C78346542014B4AD003AA273 /* Build configuration list for PBXNativeTarget "ColumnTextViewApp" */;
			buildPhases = (
				C783463E2014B4AD003AA273 /* Sources */,
				C783463F2014B4AD003AA273 /* Frameworks */,
				C78346402014B4AD003AA273 /* Resources */,
			);
			buildRules = (
			);
			dependencies = (
			);
			name = ColumnTextViewApp;
			productName = ColumnTextViewApp;
			productReference = C78346422014B4AD003AA273 /* ColumnTextViewApp.app */;
			productType = "com.apple.product-type.application";
		};
/* End PBXNativeTarget section */

/* Begin PBXProject section */
		C783463A2014B4AD003AA273 /* Project object */ = {
			isa = PBXProject;
			attributes = {
				LastSwiftUpdateCheck = 0920;
				LastUpgradeCheck = 0920;
				ORGANIZATIONNAME = Imanou;
				TargetAttributes = {
					C78346412014B4AD003AA273 = {
						CreatedOnToolsVersion = 9.2;
						ProvisioningStyle = Automatic;
					};
				};
			};
			buildConfigurationList = C783463D2014B4AD003AA273 /* Build configuration list for PBXProject "ColumnTextViewApp" */;
			compatibilityVersion = "Xcode 8.0";
			developmentRegion = en;
			hasScannedForEncodings = 0;
			knownRegions = (
				en,
				Base,
			);
			mainGroup = C78346392014B4AD003AA273;
			productRefGroup = C78346432014B4AD003AA273 /* Products */;
			projectDirPath = "";
			projectRoot = "";
			targets = (
				C78346412014B4AD003AA273 /* ColumnTextViewApp */,
			);
		};
/* End PBXProject section */

/* Begin PBXResourcesBuildPhase section */
		C78346402014B4AD003AA273 /* Resources */ = {
			isa = PBXResourcesBuildPhase;
			buildActionMask = 2147483647;
			files = (
				C78346502014B4AD003AA273 /* LaunchScreen.storyboard in Resources */,
				C783464D2014B4AD003AA273 /* Assets.xcassets in Resources */,
				C783464B2014B4AD003AA273 /* Main.storyboard in Resources */,
				C78BD9422014BB2A006DB9E5 /* Text.txt in Resources */,
			);
			runOnlyForDeploymentPostprocessing = 0;
		};
/* End PBXResourcesBuildPhase section */

/* Begin PBXSourcesBuildPhase section */
		C783463E2014B4AD003AA273 /* Sources */ = {
			isa = PBXSourcesBuildPhase;
			buildActionMask = 2147483647;
			files = (
				C78BD9442014BB48006DB9E5 /* ColumnTextView.swift in Sources */,
				C78346482014B4AD003AA273 /* ViewController.swift in Sources */,
				C78346462014B4AD003AA273 /* AppDelegate.swift in Sources */,
			);
			runOnlyForDeploymentPostprocessing = 0;
		};
/* End PBXSourcesBuildPhase section */

/* Begin PBXVariantGroup section */
		C78346492014B4AD003AA273 /* Main.storyboard */ = {
			isa = PBXVariantGroup;
			children = (
				C783464A2014B4AD003AA273 /* Base */,
			);
			name = Main.storyboard;
			sourceTree = "<group>";
		};
		C783464E2014B4AD003AA273 /* LaunchScreen.storyboard */ = {
			isa = PBXVariantGroup;
			children = (
				C783464F2014B4AD003AA273 /* Base */,
			);
			name = LaunchScreen.storyboard;
			sourceTree = "<group>";
		};
/* End PBXVariantGroup section */

/* Begin XCBuildConfiguration section */
		C78346522014B4AD003AA273 /* Debug */ = {
			isa = XCBuildConfiguration;
			buildSettings = {
				ALWAYS_SEARCH_USER_PATHS = NO;
				CLANG_ANALYZER_NONNULL = YES;
				CLANG_ANALYZER_NUMBER_OBJECT_CONVERSION = YES_AGGRESSIVE;
				CLANG_CXX_LANGUAGE_STANDARD = "gnu++14";
				CLANG_CXX_LIBRARY = "libc++";
				CLANG_ENABLE_MODULES = YES;
				CLANG_ENABLE_OBJC_ARC = YES;
				CLANG_WARN_BLOCK_CAPTURE_AUTORELEASING = YES;
				CLANG_WARN_BOOL_CONVERSION = YES;
				CLANG_WARN_COMMA = YES;
				CLANG_WARN_CONSTANT_CONVERSION = YES;
				CLANG_WARN_DIRECT_OBJC_ISA_USAGE = YES_ERROR;
				CLANG_WARN_DOCUMENTATION_COMMENTS = YES;
				CLANG_WARN_EMPTY_BODY = YES;
				CLANG_WARN_ENUM_CONVERSION = YES;
				CLANG_WARN_INFINITE_RECURSION = YES;
				CLANG_WARN_INT_CONVERSION = YES;
				CLANG_WARN_NON_LITERAL_NULL_CONVERSION = YES;
				CLANG_WARN_OBJC_LITERAL_CONVERSION = YES;
				CLANG_WARN_OBJC_ROOT_CLASS = YES_ERROR;
				CLANG_WARN_RANGE_LOOP_ANALYSIS = YES;
				CLANG_WARN_STRICT_PROTOTYPES = YES;
				CLANG_WARN_SUSPICIOUS_MOVE = YES;
				CLANG_WARN_UNGUARDED_AVAILABILITY = YES_AGGRESSIVE;
				CLANG_WARN_UNREACHABLE_CODE = YES;
				CLANG_WARN__DUPLICATE_METHOD_MATCH = YES;
				CODE_SIGN_IDENTITY = "iPhone Developer";
				COPY_PHASE_STRIP = NO;
				DEBUG_INFORMATION_FORMAT = dwarf;
				ENABLE_STRICT_OBJC_MSGSEND = YES;
				ENABLE_TESTABILITY = YES;
				GCC_C_LANGUAGE_STANDARD = gnu11;
				GCC_DYNAMIC_NO_PIC = NO;
				GCC_NO_COMMON_BLOCKS = YES;
				GCC_OPTIMIZATION_LEVEL = 0;
				GCC_PREPROCESSOR_DEFINITIONS = (
					"DEBUG=1",
					"$(inherited)",
				);
				GCC_WARN_64_TO_32_BIT_CONVERSION = YES;
				GCC_WARN_ABOUT_RETURN_TYPE = YES_ERROR;
				GCC_WARN_UNDECLARED_SELECTOR = YES;
				GCC_WARN_UNINITIALIZED_AUTOS = YES_AGGRESSIVE;
				GCC_WARN_UNUSED_FUNCTION = YES;
				GCC_WARN_UNUSED_VARIABLE = YES;
				IPHONEOS_DEPLOYMENT_TARGET = 11.2;
				MTL_ENABLE_DEBUG_INFO = YES;
				ONLY_ACTIVE_ARCH = YES;
				SDKROOT = iphoneos;
				SWIFT_ACTIVE_COMPILATION_CONDITIONS = DEBUG;
				SWIFT_OPTIMIZATION_LEVEL = "-Onone";
			};
			name = Debug;
		};
		C78346532014B4AD003AA273 /* Release */ = {
			isa = XCBuildConfiguration;
			buildSettings = {
				ALWAYS_SEARCH_USER_PATHS = NO;
				CLANG_ANALYZER_NONNULL = YES;
				CLANG_ANALYZER_NUMBER_OBJECT_CONVERSION = YES_AGGRESSIVE;
				CLANG_CXX_LANGUAGE_STANDARD = "gnu++14";
				CLANG_CXX_LIBRARY = "libc++";
				CLANG_ENABLE_MODULES = YES;
				CLANG_ENABLE_OBJC_ARC = YES;
				CLANG_WARN_BLOCK_CAPTURE_AUTORELEASING = YES;
				CLANG_WARN_BOOL_CONVERSION = YES;
				CLANG_WARN_COMMA = YES;
				CLANG_WARN_CONSTANT_CONVERSION = YES;
				CLANG_WARN_DIRECT_OBJC_ISA_USAGE = YES_ERROR;
				CLANG_WARN_DOCUMENTATION_COMMENTS = YES;
				CLANG_WARN_EMPTY_BODY = YES;
				CLANG_WARN_ENUM_CONVERSION = YES;
				CLANG_WARN_INFINITE_RECURSION = YES;
				CLANG_WARN_INT_CONVERSION = YES;
				CLANG_WARN_NON_LITERAL_NULL_CONVERSION = YES;
				CLANG_WARN_OBJC_LITERAL_CONVERSION = YES;
				CLANG_WARN_OBJC_ROOT_CLASS = YES_ERROR;
				CLANG_WARN_RANGE_LOOP_ANALYSIS = YES;
				CLANG_WARN_STRICT_PROTOTYPES = YES;
				CLANG_WARN_SUSPICIOUS_MOVE = YES;
				CLANG_WARN_UNGUARDED_AVAILABILITY = YES_AGGRESSIVE;
				CLANG_WARN_UNREACHABLE_CODE = YES;
				CLANG_WARN__DUPLICATE_METHOD_MATCH = YES;
				CODE_SIGN_IDENTITY = "iPhone Developer";
				COPY_PHASE_STRIP = NO;
				DEBUG_INFORMATION_FORMAT = "dwarf-with-dsym";
				ENABLE_NS_ASSERTIONS = NO;
				ENABLE_STRICT_OBJC_MSGSEND = YES;
				GCC_C_LANGUAGE_STANDARD = gnu11;
				GCC_NO_COMMON_BLOCKS = YES;
				GCC_WARN_64_TO_32_BIT_CONVERSION = YES;
				GCC_WARN_ABOUT_RETURN_TYPE = YES_ERROR;
				GCC_WARN_UNDECLARED_SELECTOR = YES;
				GCC_WARN_UNINITIALIZED_AUTOS = YES_AGGRESSIVE;
				GCC_WARN_UNUSED_FUNCTION = YES;
				GCC_WARN_UNUSED_VARIABLE = YES;
				IPHONEOS_DEPLOYMENT_TARGET = 11.2;
				MTL_ENABLE_DEBUG_INFO = NO;
				SDKROOT = iphoneos;
				SWIFT_OPTIMIZATION_LEVEL = "-Owholemodule";
				VALIDATE_PRODUCT = YES;
			};
			name = Release;
		};
		C78346552014B4AD003AA273 /* Debug */ = {
			isa = XCBuildConfiguration;
			buildSettings = {
				ASSETCATALOG_COMPILER_APPICON_NAME = AppIcon;
				CODE_SIGN_STYLE = Automatic;
				DEVELOPMENT_TEAM = 67ZL68PX9A;
				INFOPLIST_FILE = ColumnTextViewApp/Info.plist;
				LD_RUNPATH_SEARCH_PATHS = "$(inherited) @executable_path/Frameworks";
				PRODUCT_BUNDLE_IDENTIFIER = com.imanoupetit.ColumnTextViewApp;
				PRODUCT_NAME = "$(TARGET_NAME)";
				SWIFT_VERSION = 4.0;
				TARGETED_DEVICE_FAMILY = "1,2";
			};
			name = Debug;
		};
		C78346562014B4AD003AA273 /* Release */ = {
			isa = XCBuildConfiguration;
			buildSettings = {
				ASSETCATALOG_COMPILER_APPICON_NAME = AppIcon;
				CODE_SIGN_STYLE = Automatic;
				DEVELOPMENT_TEAM = 67ZL68PX9A;
				INFOPLIST_FILE = ColumnTextViewApp/Info.plist;
				LD_RUNPATH_SEARCH_PATHS = "$(inherited) @executable_path/Frameworks";
				PRODUCT_BUNDLE_IDENTIFIER = com.imanoupetit.ColumnTextViewApp;
				PRODUCT_NAME = "$(TARGET_NAME)";
				SWIFT_VERSION = 4.0;
				TARGETED_DEVICE_FAMILY = "1,2";
			};
			name = Release;
		};
/* End XCBuildConfiguration section */

/* Begin XCConfigurationList section */
		C783463D2014B4AD003AA273 /* Build configuration list for PBXProject "ColumnTextViewApp" */ = {
			isa = XCConfigurationList;
			buildConfigurations = (
				C78346522014B4AD003AA273 /* Debug */,
				C78346532014B4AD003AA273 /* Release */,
			);
			defaultConfigurationIsVisible = 0;
			defaultConfigurationName = Release;
		};
		C78346542014B4AD003AA273 /* Build configuration list for PBXNativeTarget "ColumnTextViewApp" */ = {
			isa = XCConfigurationList;
			buildConfigurations = (
				C78346552014B4AD003AA273 /* Debug */,
				C78346562014B4AD003AA273 /* Release */,
			);
			defaultConfigurationIsVisible = 0;
			defaultConfigurationName = Release;
		};
/* End XCConfigurationList section */
	};
	rootObject = C783463A2014B4AD003AA273 /* Project object */;
}
